
Microsoft Visual Studio Solution File, Format Version 12.00
# Visual Studio Version 17
VisualStudioVersion = 17.10.35201.131
MinimumVisualStudioVersion = 10.0.40219.1
Project("{9A19103F-16F7-4668-BE54-9A1E7A4F7556}") = "DNA", "DNA\DNA.csproj", "{61C6E005-D561-4C01-8AB2-7F2A501DA377}"
EndProject
Project("{9A19103F-16F7-4668-BE54-9A1E7A4F7556}") = "DNA3", "DNA3\DNA3\DNA3.csproj", "{05FE580D-A729-4884-B7D6-C60131FFD8F0}"
EndProject
Project("{9A19103F-16F7-4668-BE54-9A1E7A4F7556}") = "Utilities", "Utilities\Utilities.csproj", "{0A9A9BDB-243A-4588-A872-846CCAAE04FD}"
EndProject
Project("{9A19103F-16F7-4668-BE54-9A1E7A4F7556}") = "SMO", "SMO\SMO.csproj", "{C72B3964-4D25-4EB4-A343-881E07D57FED}"
EndProject
Project("{FAE04EC0-301F-11D3-BF4B-00C04F79EFBC}") = "EBay", "EBay\EBay.csproj", "{FDB92502-B9FD-B8EA-CD27-8C4F500FDF78}"
EndProject
Project("{FAE04EC0-301F-11D3-BF4B-00C04F79EFBC}") = "PDF", "PDF\PDF.csproj", "{40B41822-0C0F-4AB9-849F-C24CE5EA6C84}"
EndProject
Global
	GlobalSection(SolutionConfigurationPlatforms) = preSolution
		Debug|Any CPU = Debug|Any CPU
		Release|Any CPU = Release|Any CPU
	EndGlobalSection
	GlobalSection(ProjectConfigurationPlatforms) = postSolution
		{61C6E005-D561-4C01-8AB2-7F2A501DA377}.Debug|Any CPU.ActiveCfg = Debug|Any CPU
		{61C6E005-D561-4C01-8AB2-7F2A501DA377}.Debug|Any CPU.Build.0 = Debug|Any CPU
		{61C6E005-D561-4C01-8AB2-7F2A501DA377}.Release|Any CPU.ActiveCfg = Release|Any CPU
		{61C6E005-D561-4C01-8AB2-7F2A501DA377}.Release|Any CPU.Build.0 = Release|Any CPU
		{05FE580D-A729-4884-B7D6-C60131FFD8F0}.Debug|Any CPU.ActiveCfg = Debug|Any CPU
		{05FE580D-A729-4884-B7D6-C60131FFD8F0}.Debug|Any CPU.Build.0 = Debug|Any CPU
		{05FE580D-A729-4884-B7D6-C60131FFD8F0}.Release|Any CPU.ActiveCfg = Release|Any CPU
		{05FE580D-A729-4884-B7D6-C60131FFD8F0}.Release|Any CPU.Build.0 = Release|Any CPU
		{0A9A9BDB-243A-4588-A872-846CCAAE04FD}.Debug|Any CPU.ActiveCfg = Debug|Any CPU
		{0A9A9BDB-243A-4588-A872-846CCAAE04FD}.Debug|Any CPU.Build.0 = Debug|Any CPU
		{0A9A9BDB-243A-4588-A872-846CCAAE04FD}.Release|Any CPU.ActiveCfg = Release|Any CPU
		{0A9A9BDB-243A-4588-A872-846CCAAE04FD}.Release|Any CPU.Build.0 = Release|Any CPU
		{C72B3964-4D25-4EB4-A343-881E07D57FED}.Debug|Any CPU.ActiveCfg = Debug|Any CPU
		{C72B3964-4D25-4EB4-A343-881E07D57FED}.Debug|Any CPU.Build.0 = Debug|Any CPU
		{C72B3964-4D25-4EB4-A343-881E07D57FED}.Release|Any CPU.ActiveCfg = Release|Any CPU
		{C72B3964-4D25-4EB4-A343-881E07D57FED}.Release|Any CPU.Build.0 = Release|Any CPU
		{FDB92502-B9FD-B8EA-CD27-8C4F500FDF78}.Debug|Any CPU.ActiveCfg = Debug|Any CPU
		{FDB92502-B9FD-B8EA-CD27-8C4F500FDF78}.Debug|Any CPU.Build.0 = Debug|Any CPU
		{FDB92502-B9FD-B8EA-CD27-8C4F500FDF78}.Release|Any CPU.ActiveCfg = Release|Any CPU
		{FDB92502-B9FD-B8EA-CD27-8C4F500FDF78}.Release|Any CPU.Build.0 = Release|Any CPU
		{40B41822-0C0F-4AB9-849F-C24CE5EA6C84}.Debug|Any CPU.ActiveCfg = Debug|Any CPU
		{40B41822-0C0F-4AB9-849F-C24CE5EA6C84}.Debug|Any CPU.Build.0 = Debug|Any CPU
		{40B41822-0C0F-4AB9-849F-C24CE5EA6C84}.Release|Any CPU.ActiveCfg = Release|Any CPU
		{40B41822-0C0F-4AB9-849F-C24CE5EA6C84}.Release|Any CPU.Build.0 = Release|Any CPU
	EndGlobalSection
	GlobalSection(SolutionProperties) = preSolution
		HideSolutionNode = FALSE
	EndGlobalSection
	GlobalSection(ExtensibilityGlobals) = postSolution
		SolutionGuid = {D7790061-6928-44C5-BE90-1DA25D342C8F}
	EndGlobalSection
EndGlobal
