
Microsoft Visual Studio Solution File, Format Version 12.00
# Visual Studio Version 17
VisualStudioVersion = 17.4.33122.133
MinimumVisualStudioVersion = 10.0.40219.1
Project("{9A19103F-16F7-4668-BE54-9A1E7A4F7556}") = "SMO", "SMO.csproj", "{4C0DF966-B04D-421B-8355-5F9077B6C2E8}"
EndProject
Global
	GlobalSection(SolutionConfigurationPlatforms) = preSolution
		Debug|Any CPU = Debug|Any CPU
		Release|Any CPU = Release|Any CPU
	EndGlobalSection
	GlobalSection(ProjectConfigurationPlatforms) = postSolution
		{4C0DF966-B04D-421B-8355-5F9077B6C2E8}.Debug|Any CPU.ActiveCfg = Debug|Any CPU
		{4C0DF966-B04D-421B-8355-5F9077B6C2E8}.Debug|Any CPU.Build.0 = Debug|Any CPU
		{4C0DF966-B04D-421B-8355-5F9077B6C2E8}.Release|Any CPU.ActiveCfg = Release|Any CPU
		{4C0DF966-B04D-421B-8355-5F9077B6C2E8}.Release|Any CPU.Build.0 = Release|Any CPU
	EndGlobalSection
	GlobalSection(SolutionProperties) = preSolution
		HideSolutionNode = FALSE
	EndGlobalSection
	GlobalSection(ExtensibilityGlobals) = postSolution
		SolutionGuid = {7AEAB21B-39E5-42BB-B3DB-53ABD77FC89D}
	EndGlobalSection
EndGlobal
